// !$*UTF8*$!
{
	archiveVersion = 1;
	classes = {
	};
	objectVersion = 50;
	objects = {

/* Begin PBXBuildFile section */
		7F3BA7CAE47235363C9B3DBC /* Pods_TasksApp.framework in Frameworks */ = {isa = PBXBuildFile; fileRef = 12168A9E3AB6FE68DC50B560 /* Pods_TasksApp.framework */; };
		935DF400220D791800C0CE73 /* AppDelegate.swift in Sources */ = {isa = PBXBuildFile; fileRef = 935DF3FF220D791800C0CE73 /* AppDelegate.swift */; };
		935DF405220D791800C0CE73 /* Main.storyboard in Resources */ = {isa = PBXBuildFile; fileRef = 935DF403220D791800C0CE73 /* Main.storyboard */; };
		935DF407220D791A00C0CE73 /* Assets.xcassets in Resources */ = {isa = PBXBuildFile; fileRef = 935DF406220D791A00C0CE73 /* Assets.xcassets */; };
		935DF40A220D791A00C0CE73 /* LaunchScreen.storyboard in Resources */ = {isa = PBXBuildFile; fileRef = 935DF408220D791A00C0CE73 /* LaunchScreen.storyboard */; };
		935DF412220D797900C0CE73 /* Podfile in Resources */ = {isa = PBXBuildFile; fileRef = 935DF411220D797900C0CE73 /* Podfile */; };
		935DF414220DB1EC00C0CE73 /* TasksTableViewController.swift in Sources */ = {isa = PBXBuildFile; fileRef = 935DF413220DB1EC00C0CE73 /* TasksTableViewController.swift */; };
		935DF416220DB62300C0CE73 /* Task.swift in Sources */ = {isa = PBXBuildFile; fileRef = 935DF415220DB62300C0CE73 /* Task.swift */; };
		935DF4192212B6C000C0CE73 /* Montserrat-ExtraLight.ttf in Resources */ = {isa = PBXBuildFile; fileRef = 935DF4182212B68E00C0CE73 /* Montserrat-ExtraLight.ttf */; };
		935DF41F2212B87200C0CE73 /* TaskCell.swift in Sources */ = {isa = PBXBuildFile; fileRef = 935DF41D2212B87200C0CE73 /* TaskCell.swift */; };
		935DF4202212B87200C0CE73 /* TaskCell.xib in Resources */ = {isa = PBXBuildFile; fileRef = 935DF41E2212B87200C0CE73 /* TaskCell.xib */; };
		935DF4242212C2EC00C0CE73 /* EmptyCell.swift in Sources */ = {isa = PBXBuildFile; fileRef = 935DF4222212C2EC00C0CE73 /* EmptyCell.swift */; };
		935DF4252212C2EC00C0CE73 /* EmptyCell.xib in Resources */ = {isa = PBXBuildFile; fileRef = 935DF4232212C2EC00C0CE73 /* EmptyCell.xib */; };
		935DF4282214002A00C0CE73 /* TaskCellUpdating.swift in Sources */ = {isa = PBXBuildFile; fileRef = 935DF4272214002A00C0CE73 /* TaskCellUpdating.swift */; };
/* End PBXBuildFile section */

/* Begin PBXFileReference section */
		12168A9E3AB6FE68DC50B560 /* Pods_TasksApp.framework */ = {isa = PBXFileReference; explicitFileType = wrapper.framework; includeInIndex = 0; path = Pods_TasksApp.framework; sourceTree = BUILT_PRODUCTS_DIR; };
		41022F74E87B16D34163F7B1 /* Pods-TasksApp.debug.xcconfig */ = {isa = PBXFileReference; includeInIndex = 1; lastKnownFileType = text.xcconfig; name = "Pods-TasksApp.debug.xcconfig"; path = "Pods/Target Support Files/Pods-TasksApp/Pods-TasksApp.debug.xcconfig"; sourceTree = "<group>"; };
		60CCE241631FEEC96C0BBE5B /* Pods-TasksApp.release.xcconfig */ = {isa = PBXFileReference; includeInIndex = 1; lastKnownFileType = text.xcconfig; name = "Pods-TasksApp.release.xcconfig"; path = "Pods/Target Support Files/Pods-TasksApp/Pods-TasksApp.release.xcconfig"; sourceTree = "<group>"; };
		935DF3FC220D791800C0CE73 /* TasksApp.app */ = {isa = PBXFileReference; explicitFileType = wrapper.application; includeInIndex = 0; path = TasksApp.app; sourceTree = BUILT_PRODUCTS_DIR; };
		935DF3FF220D791800C0CE73 /* AppDelegate.swift */ = {isa = PBXFileReference; lastKnownFileType = sourcecode.swift; path = AppDelegate.swift; sourceTree = "<group>"; };
		935DF404220D791800C0CE73 /* Base */ = {isa = PBXFileReference; lastKnownFileType = file.storyboard; name = Base; path = Base.lproj/Main.storyboard; sourceTree = "<group>"; };
		935DF406220D791A00C0CE73 /* Assets.xcassets */ = {isa = PBXFileReference; lastKnownFileType = folder.assetcatalog; path = Assets.xcassets; sourceTree = "<group>"; };
		935DF409220D791A00C0CE73 /* Base */ = {isa = PBXFileReference; lastKnownFileType = file.storyboard; name = Base; path = Base.lproj/LaunchScreen.storyboard; sourceTree = "<group>"; };
		935DF40B220D791A00C0CE73 /* Info.plist */ = {isa = PBXFileReference; lastKnownFileType = text.plist.xml; path = Info.plist; sourceTree = "<group>"; };
		935DF411220D797900C0CE73 /* Podfile */ = {isa = PBXFileReference; lastKnownFileType = text; path = Podfile; sourceTree = "<group>"; };
		935DF413220DB1EC00C0CE73 /* TasksTableViewController.swift */ = {isa = PBXFileReference; lastKnownFileType = sourcecode.swift; path = TasksTableViewController.swift; sourceTree = "<group>"; };
		935DF415220DB62300C0CE73 /* Task.swift */ = {isa = PBXFileReference; lastKnownFileType = sourcecode.swift; path = Task.swift; sourceTree = "<group>"; };
		935DF4182212B68E00C0CE73 /* Montserrat-ExtraLight.ttf */ = {isa = PBXFileReference; lastKnownFileType = file; path = "Montserrat-ExtraLight.ttf"; sourceTree = "<group>"; };
		935DF41D2212B87200C0CE73 /* TaskCell.swift */ = {isa = PBXFileReference; lastKnownFileType = sourcecode.swift; path = TaskCell.swift; sourceTree = "<group>"; };
		935DF41E2212B87200C0CE73 /* TaskCell.xib */ = {isa = PBXFileReference; lastKnownFileType = file.xib; path = TaskCell.xib; sourceTree = "<group>"; };
		935DF4222212C2EC00C0CE73 /* EmptyCell.swift */ = {isa = PBXFileReference; lastKnownFileType = sourcecode.swift; path = EmptyCell.swift; sourceTree = "<group>"; };
		935DF4232212C2EC00C0CE73 /* EmptyCell.xib */ = {isa = PBXFileReference; lastKnownFileType = file.xib; path = EmptyCell.xib; sourceTree = "<group>"; };
		935DF4272214002A00C0CE73 /* TaskCellUpdating.swift */ = {isa = PBXFileReference; lastKnownFileType = sourcecode.swift; path = TaskCellUpdating.swift; sourceTree = "<group>"; };
/* End PBXFileReference section */

/* Begin PBXFrameworksBuildPhase section */
		935DF3F9220D791800C0CE73 /* Frameworks */ = {
			isa = PBXFrameworksBuildPhase;
			buildActionMask = 2147483647;
			files = (
				7F3BA7CAE47235363C9B3DBC /* Pods_TasksApp.framework in Frameworks */,
			);
			runOnlyForDeploymentPostprocessing = 0;
		};
/* End PBXFrameworksBuildPhase section */

/* Begin PBXGroup section */
		0E8708B07382BBD9727E39C9 /* Frameworks */ = {
			isa = PBXGroup;
			children = (
				12168A9E3AB6FE68DC50B560 /* Pods_TasksApp.framework */,
			);
			name = Frameworks;
			sourceTree = "<group>";
		};
		935DF3F3220D791800C0CE73 = {
			isa = PBXGroup;
			children = (
				935DF411220D797900C0CE73 /* Podfile */,
				935DF3FE220D791800C0CE73 /* TasksApp */,
				935DF3FD220D791800C0CE73 /* Products */,
				F77039C5FB05875D1DC531A1 /* Pods */,
				0E8708B07382BBD9727E39C9 /* Frameworks */,
			);
			sourceTree = "<group>";
		};
		935DF3FD220D791800C0CE73 /* Products */ = {
			isa = PBXGroup;
			children = (
				935DF3FC220D791800C0CE73 /* TasksApp.app */,
			);
			name = Products;
			sourceTree = "<group>";
		};
		935DF3FE220D791800C0CE73 /* TasksApp */ = {
			isa = PBXGroup;
			children = (
				935DF3FF220D791800C0CE73 /* AppDelegate.swift */,
				935DF413220DB1EC00C0CE73 /* TasksTableViewController.swift */,
				935DF4212212B88100C0CE73 /* TaskCell */,
				935DF4262212C2F800C0CE73 /* EmptyCell */,
				935DF41C2212B85900C0CE73 /* Models */,
				935DF4172212B64900C0CE73 /* Fonts */,
				935DF403220D791800C0CE73 /* Main.storyboard */,
				935DF406220D791A00C0CE73 /* Assets.xcassets */,
				935DF408220D791A00C0CE73 /* LaunchScreen.storyboard */,
				935DF40B220D791A00C0CE73 /* Info.plist */,
			);
			path = TasksApp;
			sourceTree = "<group>";
		};
		935DF4172212B64900C0CE73 /* Fonts */ = {
			isa = PBXGroup;
			children = (
				935DF4182212B68E00C0CE73 /* Montserrat-ExtraLight.ttf */,
			);
			path = Fonts;
			sourceTree = "<group>";
		};
		935DF41C2212B85900C0CE73 /* Models */ = {
			isa = PBXGroup;
			children = (
				935DF415220DB62300C0CE73 /* Task.swift */,
			);
			path = Models;
			sourceTree = "<group>";
		};
		935DF4212212B88100C0CE73 /* TaskCell */ = {
			isa = PBXGroup;
			children = (
				935DF41D2212B87200C0CE73 /* TaskCell.swift */,
				935DF41E2212B87200C0CE73 /* TaskCell.xib */,
				935DF4272214002A00C0CE73 /* TaskCellUpdating.swift */,
			);
			path = TaskCell;
			sourceTree = "<group>";
		};
		935DF4262212C2F800C0CE73 /* EmptyCell */ = {
			isa = PBXGroup;
			children = (
				935DF4222212C2EC00C0CE73 /* EmptyCell.swift */,
				935DF4232212C2EC00C0CE73 /* EmptyCell.xib */,
			);
			path = EmptyCell;
			sourceTree = "<group>";
		};
		F77039C5FB05875D1DC531A1 /* Pods */ = {
			isa = PBXGroup;
			children = (
				41022F74E87B16D34163F7B1 /* Pods-TasksApp.debug.xcconfig */,
				60CCE241631FEEC96C0BBE5B /* Pods-TasksApp.release.xcconfig */,
			);
			name = Pods;
			sourceTree = "<group>";
		};
/* End PBXGroup section */

/* Begin PBXNativeTarget section */
		935DF3FB220D791800C0CE73 /* TasksApp */ = {
			isa = PBXNativeTarget;
			buildConfigurationList = 935DF40E220D791A00C0CE73 /* Build configuration list for PBXNativeTarget "TasksApp" */;
			buildPhases = (
				4A9A6DB1555312E9964F9F89 /* [CP] Check Pods Manifest.lock */,
				935DF3F8220D791800C0CE73 /* Sources */,
				935DF3F9220D791800C0CE73 /* Frameworks */,
				935DF3FA220D791800C0CE73 /* Resources */,
				F63AE8400AED213D1F2C4977 /* [CP] Embed Pods Frameworks */,
			);
			buildRules = (
			);
			dependencies = (
			);
			name = TasksApp;
			productName = TasksApp;
			productReference = 935DF3FC220D791800C0CE73 /* TasksApp.app */;
			productType = "com.apple.product-type.application";
		};
/* End PBXNativeTarget section */

/* Begin PBXProject section */
		935DF3F4220D791800C0CE73 /* Project object */ = {
			isa = PBXProject;
			attributes = {
				LastSwiftUpdateCheck = 1010;
				LastUpgradeCheck = 1010;
				ORGANIZATIONNAME = zombietux;
				TargetAttributes = {
					935DF3FB220D791800C0CE73 = {
						CreatedOnToolsVersion = 10.1;
					};
				};
			};
			buildConfigurationList = 935DF3F7220D791800C0CE73 /* Build configuration list for PBXProject "TasksApp" */;
			compatibilityVersion = "Xcode 9.3";
			developmentRegion = en;
			hasScannedForEncodings = 0;
			knownRegions = (
				en,
				Base,
			);
			mainGroup = 935DF3F3220D791800C0CE73;
			productRefGroup = 935DF3FD220D791800C0CE73 /* Products */;
			projectDirPath = "";
			projectRoot = "";
			targets = (
				935DF3FB220D791800C0CE73 /* TasksApp */,
			);
		};
/* End PBXProject section */

/* Begin PBXResourcesBuildPhase section */
		935DF3FA220D791800C0CE73 /* Resources */ = {
			isa = PBXResourcesBuildPhase;
			buildActionMask = 2147483647;
			files = (
				935DF4192212B6C000C0CE73 /* Montserrat-ExtraLight.ttf in Resources */,
				935DF4202212B87200C0CE73 /* TaskCell.xib in Resources */,
				935DF4252212C2EC00C0CE73 /* EmptyCell.xib in Resources */,
				935DF40A220D791A00C0CE73 /* LaunchScreen.storyboard in Resources */,
				935DF407220D791A00C0CE73 /* Assets.xcassets in Resources */,
				935DF412220D797900C0CE73 /* Podfile in Resources */,
				935DF405220D791800C0CE73 /* Main.storyboard in Resources */,
			);
			runOnlyForDeploymentPostprocessing = 0;
		};
/* End PBXResourcesBuildPhase section */

/* Begin PBXShellScriptBuildPhase section */
		4A9A6DB1555312E9964F9F89 /* [CP] Check Pods Manifest.lock */ = {
			isa = PBXShellScriptBuildPhase;
			buildActionMask = 2147483647;
			files = (
			);
			inputFileListPaths = (
			);
			inputPaths = (
				"${PODS_PODFILE_DIR_PATH}/Podfile.lock",
				"${PODS_ROOT}/Manifest.lock",
			);
			name = "[CP] Check Pods Manifest.lock";
			outputFileListPaths = (
			);
			outputPaths = (
				"$(DERIVED_FILE_DIR)/Pods-TasksApp-checkManifestLockResult.txt",
			);
			runOnlyForDeploymentPostprocessing = 0;
			shellPath = /bin/sh;
			shellScript = "diff \"${PODS_PODFILE_DIR_PATH}/Podfile.lock\" \"${PODS_ROOT}/Manifest.lock\" > /dev/null\nif [ $? != 0 ] ; then\n    # print error to STDERR\n    echo \"error: The sandbox is not in sync with the Podfile.lock. Run 'pod install' or update your CocoaPods installation.\" >&2\n    exit 1\nfi\n# This output is used by Xcode 'outputs' to avoid re-running this script phase.\necho \"SUCCESS\" > \"${SCRIPT_OUTPUT_FILE_0}\"\n";
			showEnvVarsInLog = 0;
		};
		F63AE8400AED213D1F2C4977 /* [CP] Embed Pods Frameworks */ = {
			isa = PBXShellScriptBuildPhase;
			buildActionMask = 2147483647;
			files = (
			);
			inputFileListPaths = (
			);
			inputPaths = (
				"${SRCROOT}/Pods/Target Support Files/Pods-TasksApp/Pods-TasksApp-frameworks.sh",
				"${BUILT_PRODUCTS_DIR}/Realm/Realm.framework",
				"${BUILT_PRODUCTS_DIR}/RealmSwift/RealmSwift.framework",
			);
			name = "[CP] Embed Pods Frameworks";
			outputFileListPaths = (
			);
			outputPaths = (
				"${TARGET_BUILD_DIR}/${FRAMEWORKS_FOLDER_PATH}/Realm.framework",
				"${TARGET_BUILD_DIR}/${FRAMEWORKS_FOLDER_PATH}/RealmSwift.framework",
			);
			runOnlyForDeploymentPostprocessing = 0;
			shellPath = /bin/sh;
			shellScript = "\"${SRCROOT}/Pods/Target Support Files/Pods-TasksApp/Pods-TasksApp-frameworks.sh\"\n";
			showEnvVarsInLog = 0;
		};
/* End PBXShellScriptBuildPhase section */

/* Begin PBXSourcesBuildPhase section */
		935DF3F8220D791800C0CE73 /* Sources */ = {
			isa = PBXSourcesBuildPhase;
			buildActionMask = 2147483647;
			files = (
				935DF414220DB1EC00C0CE73 /* TasksTableViewController.swift in Sources */,
				935DF41F2212B87200C0CE73 /* TaskCell.swift in Sources */,
				935DF416220DB62300C0CE73 /* Task.swift in Sources */,
				935DF400220D791800C0CE73 /* AppDelegate.swift in Sources */,
				935DF4282214002A00C0CE73 /* TaskCellUpdating.swift in Sources */,
				935DF4242212C2EC00C0CE73 /* EmptyCell.swift in Sources */,
			);
			runOnlyForDeploymentPostprocessing = 0;
		};
/* End PBXSourcesBuildPhase section */

/* Begin PBXVariantGroup section */
		935DF403220D791800C0CE73 /* Main.storyboard */ = {
			isa = PBXVariantGroup;
			children = (
				935DF404220D791800C0CE73 /* Base */,
			);
			name = Main.storyboard;
			sourceTree = "<group>";
		};
		935DF408220D791A00C0CE73 /* LaunchScreen.storyboard */ = {
			isa = PBXVariantGroup;
			children = (
				935DF409220D791A00C0CE73 /* Base */,
			);
			name = LaunchScreen.storyboard;
			sourceTree = "<group>";
		};
/* End PBXVariantGroup section */

/* Begin XCBuildConfiguration section */
		935DF40C220D791A00C0CE73 /* Debug */ = {
			isa = XCBuildConfiguration;
			buildSettings = {
				ALWAYS_SEARCH_USER_PATHS = NO;
				CLANG_ANALYZER_NONNULL = YES;
				CLANG_ANALYZER_NUMBER_OBJECT_CONVERSION = YES_AGGRESSIVE;
				CLANG_CXX_LANGUAGE_STANDARD = "gnu++14";
				CLANG_CXX_LIBRARY = "libc++";
				CLANG_ENABLE_MODULES = YES;
				CLANG_ENABLE_OBJC_ARC = YES;
				CLANG_ENABLE_OBJC_WEAK = YES;
				CLANG_WARN_BLOCK_CAPTURE_AUTORELEASING = YES;
				CLANG_WARN_BOOL_CONVERSION = YES;
				CLANG_WARN_COMMA = YES;
				CLANG_WARN_CONSTANT_CONVERSION = YES;
				CLANG_WARN_DEPRECATED_OBJC_IMPLEMENTATIONS = YES;
				CLANG_WARN_DIRECT_OBJC_ISA_USAGE = YES_ERROR;
				CLANG_WARN_DOCUMENTATION_COMMENTS = YES;
				CLANG_WARN_EMPTY_BODY = YES;
				CLANG_WARN_ENUM_CONVERSION = YES;
				CLANG_WARN_INFINITE_RECURSION = YES;
				CLANG_WARN_INT_CONVERSION = YES;
				CLANG_WARN_NON_LITERAL_NULL_CONVERSION = YES;
				CLANG_WARN_OBJC_IMPLICIT_RETAIN_SELF = YES;
				CLANG_WARN_OBJC_LITERAL_CONVERSION = YES;
				CLANG_WARN_OBJC_ROOT_CLASS = YES_ERROR;
				CLANG_WARN_RANGE_LOOP_ANALYSIS = YES;
				CLANG_WARN_STRICT_PROTOTYPES = YES;
				CLANG_WARN_SUSPICIOUS_MOVE = YES;
				CLANG_WARN_UNGUARDED_AVAILABILITY = YES_AGGRESSIVE;
				CLANG_WARN_UNREACHABLE_CODE = YES;
				CLANG_WARN__DUPLICATE_METHOD_MATCH = YES;
				CODE_SIGN_IDENTITY = "iPhone Developer";
				COPY_PHASE_STRIP = NO;
				DEBUG_INFORMATION_FORMAT = dwarf;
				ENABLE_STRICT_OBJC_MSGSEND = YES;
				ENABLE_TESTABILITY = YES;
				GCC_C_LANGUAGE_STANDARD = gnu11;
				GCC_DYNAMIC_NO_PIC = NO;
				GCC_NO_COMMON_BLOCKS = YES;
				GCC_OPTIMIZATION_LEVEL = 0;
				GCC_PREPROCESSOR_DEFINITIONS = (
					"DEBUG=1",
					"$(inherited)",
				);
				GCC_WARN_64_TO_32_BIT_CONVERSION = YES;
				GCC_WARN_ABOUT_RETURN_TYPE = YES_ERROR;
				GCC_WARN_UNDECLARED_SELECTOR = YES;
				GCC_WARN_UNINITIALIZED_AUTOS = YES_AGGRESSIVE;
				GCC_WARN_UNUSED_FUNCTION = YES;
				GCC_WARN_UNUSED_VARIABLE = YES;
				IPHONEOS_DEPLOYMENT_TARGET = 12.1;
				MTL_ENABLE_DEBUG_INFO = INCLUDE_SOURCE;
				MTL_FAST_MATH = YES;
				ONLY_ACTIVE_ARCH = YES;
				SDKROOT = iphoneos;
				SWIFT_ACTIVE_COMPILATION_CONDITIONS = DEBUG;
				SWIFT_OPTIMIZATION_LEVEL = "-Onone";
			};
			name = Debug;
		};
		935DF40D220D791A00C0CE73 /* Release */ = {
			isa = XCBuildConfiguration;
			buildSettings = {
				ALWAYS_SEARCH_USER_PATHS = NO;
				CLANG_ANALYZER_NONNULL = YES;
				CLANG_ANALYZER_NUMBER_OBJECT_CONVERSION = YES_AGGRESSIVE;
				CLANG_CXX_LANGUAGE_STANDARD = "gnu++14";
				CLANG_CXX_LIBRARY = "libc++";
				CLANG_ENABLE_MODULES = YES;
				CLANG_ENABLE_OBJC_ARC = YES;
				CLANG_ENABLE_OBJC_WEAK = YES;
				CLANG_WARN_BLOCK_CAPTURE_AUTORELEASING = YES;
				CLANG_WARN_BOOL_CONVERSION = YES;
				CLANG_WARN_COMMA = YES;
				CLANG_WARN_CONSTANT_CONVERSION = YES;
				CLANG_WARN_DEPRECATED_OBJC_IMPLEMENTATIONS = YES;
				CLANG_WARN_DIRECT_OBJC_ISA_USAGE = YES_ERROR;
				CLANG_WARN_DOCUMENTATION_COMMENTS = YES;
				CLANG_WARN_EMPTY_BODY = YES;
				CLANG_WARN_ENUM_CONVERSION = YES;
				CLANG_WARN_INFINITE_RECURSION = YES;
				CLANG_WARN_INT_CONVERSION = YES;
				CLANG_WARN_NON_LITERAL_NULL_CONVERSION = YES;
				CLANG_WARN_OBJC_IMPLICIT_RETAIN_SELF = YES;
				CLANG_WARN_OBJC_LITERAL_CONVERSION = YES;
				CLANG_WARN_OBJC_ROOT_CLASS = YES_ERROR;
				CLANG_WARN_RANGE_LOOP_ANALYSIS = YES;
				CLANG_WARN_STRICT_PROTOTYPES = YES;
				CLANG_WARN_SUSPICIOUS_MOVE = YES;
				CLANG_WARN_UNGUARDED_AVAILABILITY = YES_AGGRESSIVE;
				CLANG_WARN_UNREACHABLE_CODE = YES;
				CLANG_WARN__DUPLICATE_METHOD_MATCH = YES;
				CODE_SIGN_IDENTITY = "iPhone Developer";
				COPY_PHASE_STRIP = NO;
				DEBUG_INFORMATION_FORMAT = "dwarf-with-dsym";
				ENABLE_NS_ASSERTIONS = NO;
				ENABLE_STRICT_OBJC_MSGSEND = YES;
				GCC_C_LANGUAGE_STANDARD = gnu11;
				GCC_NO_COMMON_BLOCKS = YES;
				GCC_WARN_64_TO_32_BIT_CONVERSION = YES;
				GCC_WARN_ABOUT_RETURN_TYPE = YES_ERROR;
				GCC_WARN_UNDECLARED_SELECTOR = YES;
				GCC_WARN_UNINITIALIZED_AUTOS = YES_AGGRESSIVE;
				GCC_WARN_UNUSED_FUNCTION = YES;
				GCC_WARN_UNUSED_VARIABLE = YES;
				IPHONEOS_DEPLOYMENT_TARGET = 12.1;
				MTL_ENABLE_DEBUG_INFO = NO;
				MTL_FAST_MATH = YES;
				SDKROOT = iphoneos;
				SWIFT_COMPILATION_MODE = wholemodule;
				SWIFT_OPTIMIZATION_LEVEL = "-O";
				VALIDATE_PRODUCT = YES;
			};
			name = Release;
		};
		935DF40F220D791A00C0CE73 /* Debug */ = {
			isa = XCBuildConfiguration;
			baseConfigurationReference = 41022F74E87B16D34163F7B1 /* Pods-TasksApp.debug.xcconfig */;
			buildSettings = {
				ASSETCATALOG_COMPILER_APPICON_NAME = AppIcon;
				CODE_SIGN_STYLE = Automatic;
				DEVELOPMENT_TEAM = 8G43M5CX79;
				INFOPLIST_FILE = TasksApp/Info.plist;
				LD_RUNPATH_SEARCH_PATHS = (
					"$(inherited)",
					"@executable_path/Frameworks",
				);
				PRODUCT_BUNDLE_IDENTIFIER = kr.zombietux.TasksApp;
				PRODUCT_NAME = "$(TARGET_NAME)";
				SWIFT_VERSION = 4.2;
				TARGETED_DEVICE_FAMILY = "1,2";
			};
			name = Debug;
		};
		935DF410220D791A00C0CE73 /* Release */ = {
			isa = XCBuildConfiguration;
			baseConfigurationReference = 60CCE241631FEEC96C0BBE5B /* Pods-TasksApp.release.xcconfig */;
			buildSettings = {
				ASSETCATALOG_COMPILER_APPICON_NAME = AppIcon;
				CODE_SIGN_STYLE = Automatic;
				DEVELOPMENT_TEAM = 8G43M5CX79;
				INFOPLIST_FILE = TasksApp/Info.plist;
				LD_RUNPATH_SEARCH_PATHS = (
					"$(inherited)",
					"@executable_path/Frameworks",
				);
				PRODUCT_BUNDLE_IDENTIFIER = kr.zombietux.TasksApp;
				PRODUCT_NAME = "$(TARGET_NAME)";
				SWIFT_VERSION = 4.2;
				TARGETED_DEVICE_FAMILY = "1,2";
			};
			name = Release;
		};
/* End XCBuildConfiguration section */

/* Begin XCConfigurationList section */
		935DF3F7220D791800C0CE73 /* Build configuration list for PBXProject "TasksApp" */ = {
			isa = XCConfigurationList;
			buildConfigurations = (
				935DF40C220D791A00C0CE73 /* Debug */,
				935DF40D220D791A00C0CE73 /* Release */,
			);
			defaultConfigurationIsVisible = 0;
			defaultConfigurationName = Release;
		};
		935DF40E220D791A00C0CE73 /* Build configuration list for PBXNativeTarget "TasksApp" */ = {
			isa = XCConfigurationList;
			buildConfigurations = (
				935DF40F220D791A00C0CE73 /* Debug */,
				935DF410220D791A00C0CE73 /* Release */,
			);
			defaultConfigurationIsVisible = 0;
			defaultConfigurationName = Release;
		};
/* End XCConfigurationList section */
	};
	rootObject = 935DF3F4220D791800C0CE73 /* Project object */;
}
